
Microsoft Visual Studio Solution File, Format Version 12.00
# Visual Studio Version 16
VisualStudioVersion = 16.0.29806.167
MinimumVisualStudioVersion = 10.0.40219.1
Project("{FAE04EC0-301F-11D3-BF4B-00C04F79EFBC}") = "PTS", "PTS\PTS.csproj", "{25B3016E-D069-4570-8580-8B12909427FE}"
EndProject
Project("{FAE04EC0-301F-11D3-BF4B-00C04F79EFBC}") = "PTS.Tests", "PTS.Tests\PTS.Tests.csproj", "{5852AAD7-AC41-4F83-9C69-18BDE3E6A8DB}"
EndProject
Global
	GlobalSection(SolutionConfigurationPlatforms) = preSolution
		Debug|Any CPU = Debug|Any CPU
		Release|Any CPU = Release|Any CPU
	EndGlobalSection
	GlobalSection(ProjectConfigurationPlatforms) = postSolution
		{25B3016E-D069-4570-8580-8B12909427FE}.Debug|Any CPU.ActiveCfg = Debug|Any CPU
		{25B3016E-D069-4570-8580-8B12909427FE}.Debug|Any CPU.Build.0 = Debug|Any CPU
		{25B3016E-D069-4570-8580-8B12909427FE}.Release|Any CPU.ActiveCfg = Release|Any CPU
		{25B3016E-D069-4570-8580-8B12909427FE}.Release|Any CPU.Build.0 = Release|Any CPU
		{5852AAD7-AC41-4F83-9C69-18BDE3E6A8DB}.Debug|Any CPU.ActiveCfg = Debug|Any CPU
		{5852AAD7-AC41-4F83-9C69-18BDE3E6A8DB}.Debug|Any CPU.Build.0 = Debug|Any CPU
		{5852AAD7-AC41-4F83-9C69-18BDE3E6A8DB}.Release|Any CPU.ActiveCfg = Release|Any CPU
		{5852AAD7-AC41-4F83-9C69-18BDE3E6A8DB}.Release|Any CPU.Build.0 = Release|Any CPU
	EndGlobalSection
	GlobalSection(SolutionProperties) = preSolution
		HideSolutionNode = FALSE
	EndGlobalSection
	GlobalSection(ExtensibilityGlobals) = postSolution
		SolutionGuid = {4AEFA2E5-7E88-4509-BF04-BB070FB73216}
	EndGlobalSection
EndGlobal
