
Microsoft Visual Studio Solution File, Format Version 12.00
# Visual Studio Version 16
VisualStudioVersion = 16.0.29728.190
MinimumVisualStudioVersion = 10.0.40219.1
Project("{FAE04EC0-301F-11D3-BF4B-00C04F79EFBC}") = "PTS", "PTS\PTS.csproj", "{77B6C134-4AFD-453F-B41A-B1AA077C300D}"
EndProject
Project("{FAE04EC0-301F-11D3-BF4B-00C04F79EFBC}") = "PTS.Tests", "PTS.Tests\PTS.Tests.csproj", "{9DBC0C4E-F7C6-47A7-B322-9E73E15FD56A}"
EndProject
Global
	GlobalSection(SolutionConfigurationPlatforms) = preSolution
		Debug|Any CPU = Debug|Any CPU
		Release|Any CPU = Release|Any CPU
	EndGlobalSection
	GlobalSection(ProjectConfigurationPlatforms) = postSolution
		{77B6C134-4AFD-453F-B41A-B1AA077C300D}.Debug|Any CPU.ActiveCfg = Debug|Any CPU
		{77B6C134-4AFD-453F-B41A-B1AA077C300D}.Debug|Any CPU.Build.0 = Debug|Any CPU
		{77B6C134-4AFD-453F-B41A-B1AA077C300D}.Release|Any CPU.ActiveCfg = Release|Any CPU
		{77B6C134-4AFD-453F-B41A-B1AA077C300D}.Release|Any CPU.Build.0 = Release|Any CPU
		{9DBC0C4E-F7C6-47A7-B322-9E73E15FD56A}.Debug|Any CPU.ActiveCfg = Debug|Any CPU
		{9DBC0C4E-F7C6-47A7-B322-9E73E15FD56A}.Debug|Any CPU.Build.0 = Debug|Any CPU
		{9DBC0C4E-F7C6-47A7-B322-9E73E15FD56A}.Release|Any CPU.ActiveCfg = Release|Any CPU
		{9DBC0C4E-F7C6-47A7-B322-9E73E15FD56A}.Release|Any CPU.Build.0 = Release|Any CPU
	EndGlobalSection
	GlobalSection(SolutionProperties) = preSolution
		HideSolutionNode = FALSE
	EndGlobalSection
	GlobalSection(ExtensibilityGlobals) = postSolution
		SolutionGuid = {B954CF28-BFC0-49B0-8025-9CF2E46C93FA}
	EndGlobalSection
EndGlobal
